
Microsoft Visual Studio Solution File, Format Version 12.00
# Visual Studio Version 17
VisualStudioVersion = 17.14.36518.9 d17.14
MinimumVisualStudioVersion = 10.0.40219.1
Project("{FAE04EC0-301F-11D3-BF4B-00C04F79EFBC}") = "lab_2", "lab_2\lab_2.csproj", "{020144D2-B52F-4F98-9BA2-996904D57F3B}"
EndProject
Global
	GlobalSection(SolutionConfigurationPlatforms) = preSolution
		Debug|Any CPU = Debug|Any CPU
		Release|Any CPU = Release|Any CPU
	EndGlobalSection
	GlobalSection(ProjectConfigurationPlatforms) = postSolution
		{020144D2-B52F-4F98-9BA2-996904D57F3B}.Debug|Any CPU.ActiveCfg = Debug|Any CPU
		{020144D2-B52F-4F98-9BA2-996904D57F3B}.Debug|Any CPU.Build.0 = Debug|Any CPU
		{020144D2-B52F-4F98-9BA2-996904D57F3B}.Release|Any CPU.ActiveCfg = Release|Any CPU
		{020144D2-B52F-4F98-9BA2-996904D57F3B}.Release|Any CPU.Build.0 = Release|Any CPU
	EndGlobalSection
	GlobalSection(SolutionProperties) = preSolution
		HideSolutionNode = FALSE
	EndGlobalSection
	GlobalSection(ExtensibilityGlobals) = postSolution
		SolutionGuid = {C8CC68C6-36EB-40C3-B2EC-1A6AC231A2CB}
	EndGlobalSection
EndGlobal
